
Microsoft Visual Studio Solution File, Format Version 12.00
# Visual Studio Version 17
VisualStudioVersion = 17.13.35919.96 d17.13
MinimumVisualStudioVersion = 10.0.40219.1
Project("{FAE04EC0-301F-11D3-BF4B-00C04F79EFBC}") = "ChatBot", "ChatBot.csproj", "{CE585291-B1DE-410F-A196-7A5EBC3A63F5}"
EndProject
Global
	GlobalSection(SolutionConfigurationPlatforms) = preSolution
		Debug|Any CPU = Debug|Any CPU
		Release|Any CPU = Release|Any CPU
	EndGlobalSection
	GlobalSection(ProjectConfigurationPlatforms) = postSolution
		{CE585291-B1DE-410F-A196-7A5EBC3A63F5}.Debug|Any CPU.ActiveCfg = Debug|Any CPU
		{CE585291-B1DE-410F-A196-7A5EBC3A63F5}.Debug|Any CPU.Build.0 = Debug|Any CPU
		{CE585291-B1DE-410F-A196-7A5EBC3A63F5}.Release|Any CPU.ActiveCfg = Release|Any CPU
		{CE585291-B1DE-410F-A196-7A5EBC3A63F5}.Release|Any CPU.Build.0 = Release|Any CPU
	EndGlobalSection
	GlobalSection(SolutionProperties) = preSolution
		HideSolutionNode = FALSE
	EndGlobalSection
	GlobalSection(ExtensibilityGlobals) = postSolution
		SolutionGuid = {84B63D5E-1D87-4D00-944D-7EE1ADCA2803}
	EndGlobalSection
EndGlobal
